
Microsoft Visual Studio Solution File, Format Version 12.00
# Visual Studio Version 17
VisualStudioVersion = 17.6.33815.320
MinimumVisualStudioVersion = 10.0.40219.1
Project("{9A19103F-16F7-4668-BE54-9A1E7A4F7556}") = "ManagingTool.Server", "ManagingTool\Server\ManagingTool.Server.csproj", "{DC2FC0F6-A979-45F0-B826-7AAE46EB1CAD}"
EndProject
Project("{9A19103F-16F7-4668-BE54-9A1E7A4F7556}") = "ManagingTool.Client", "ManagingTool\Client\ManagingTool.Client.csproj", "{3F9CEF96-EDAA-47CE-934F-B230B64DD3F4}"
EndProject
Project("{9A19103F-16F7-4668-BE54-9A1E7A4F7556}") = "ManagingTool.Shared", "ManagingTool\Shared\ManagingTool.Shared.csproj", "{5FD1158E-1767-495B-AE0C-CAA4F5DE0696}"
EndProject
Global
	GlobalSection(SolutionConfigurationPlatforms) = preSolution
		Debug|Any CPU = Debug|Any CPU
		Release|Any CPU = Release|Any CPU
	EndGlobalSection
	GlobalSection(ProjectConfigurationPlatforms) = postSolution
		{DC2FC0F6-A979-45F0-B826-7AAE46EB1CAD}.Debug|Any CPU.ActiveCfg = Debug|Any CPU
		{DC2FC0F6-A979-45F0-B826-7AAE46EB1CAD}.Debug|Any CPU.Build.0 = Debug|Any CPU
		{DC2FC0F6-A979-45F0-B826-7AAE46EB1CAD}.Release|Any CPU.ActiveCfg = Release|Any CPU
		{DC2FC0F6-A979-45F0-B826-7AAE46EB1CAD}.Release|Any CPU.Build.0 = Release|Any CPU
		{3F9CEF96-EDAA-47CE-934F-B230B64DD3F4}.Debug|Any CPU.ActiveCfg = Debug|Any CPU
		{3F9CEF96-EDAA-47CE-934F-B230B64DD3F4}.Debug|Any CPU.Build.0 = Debug|Any CPU
		{3F9CEF96-EDAA-47CE-934F-B230B64DD3F4}.Release|Any CPU.ActiveCfg = Release|Any CPU
		{3F9CEF96-EDAA-47CE-934F-B230B64DD3F4}.Release|Any CPU.Build.0 = Release|Any CPU
		{5FD1158E-1767-495B-AE0C-CAA4F5DE0696}.Debug|Any CPU.ActiveCfg = Debug|Any CPU
		{5FD1158E-1767-495B-AE0C-CAA4F5DE0696}.Debug|Any CPU.Build.0 = Debug|Any CPU
		{5FD1158E-1767-495B-AE0C-CAA4F5DE0696}.Release|Any CPU.ActiveCfg = Release|Any CPU
		{5FD1158E-1767-495B-AE0C-CAA4F5DE0696}.Release|Any CPU.Build.0 = Release|Any CPU
	EndGlobalSection
	GlobalSection(SolutionProperties) = preSolution
		HideSolutionNode = FALSE
	EndGlobalSection
	GlobalSection(ExtensibilityGlobals) = postSolution
		SolutionGuid = {BEE3E1C7-5EE3-49A1-A86B-5874141C0127}
	EndGlobalSection
EndGlobal
